
Microsoft Visual Studio Solution File, Format Version 12.00
Project("{FAE04EC0-301F-11D3-BF4B-00C04F79EFBC}") = "UploadBackend", "UploadBackend\UploadBackend.csproj", "{BB770F57-4A85-45AD-AA11-DDE39B8AE807}"
EndProject
Global
	GlobalSection(SolutionConfigurationPlatforms) = preSolution
		Debug|Any CPU = Debug|Any CPU
		Release|Any CPU = Release|Any CPU
	EndGlobalSection
	GlobalSection(ProjectConfigurationPlatforms) = postSolution
		{BB770F57-4A85-45AD-AA11-DDE39B8AE807}.Debug|Any CPU.ActiveCfg = Debug|Any CPU
		{BB770F57-4A85-45AD-AA11-DDE39B8AE807}.Debug|Any CPU.Build.0 = Debug|Any CPU
		{BB770F57-4A85-45AD-AA11-DDE39B8AE807}.Release|Any CPU.ActiveCfg = Release|Any CPU
		{BB770F57-4A85-45AD-AA11-DDE39B8AE807}.Release|Any CPU.Build.0 = Release|Any CPU
	EndGlobalSection
EndGlobal
